
Microsoft Visual Studio Solution File, Format Version 12.00
# Visual Studio Version 17
VisualStudioVersion = 17.4.33205.214
MinimumVisualStudioVersion = 10.0.40219.1
Project("{FAE04EC0-301F-11D3-BF4B-00C04F79EFBC}") = "Flappy_Bird", "Flappy_Bird\Flappy_Bird.csproj", "{DAB9F26B-5F8A-4575-BF6F-9950EC1FA8FD}"
EndProject
Project("{54435603-DBB4-11D2-8724-00A0C9A8B90C}") = "Flappy-Birds-setup", "Flappy-Birds-setup\Flappy-Birds-setup.vdproj", "{188EB030-467D-4376-BAB7-DDC69656A45F}"
EndProject
Global
	GlobalSection(SolutionConfigurationPlatforms) = preSolution
		Debug|Any CPU = Debug|Any CPU
		Release|Any CPU = Release|Any CPU
	EndGlobalSection
	GlobalSection(ProjectConfigurationPlatforms) = postSolution
		{DAB9F26B-5F8A-4575-BF6F-9950EC1FA8FD}.Debug|Any CPU.ActiveCfg = Debug|Any CPU
		{DAB9F26B-5F8A-4575-BF6F-9950EC1FA8FD}.Debug|Any CPU.Build.0 = Debug|Any CPU
		{DAB9F26B-5F8A-4575-BF6F-9950EC1FA8FD}.Release|Any CPU.ActiveCfg = Release|Any CPU
		{DAB9F26B-5F8A-4575-BF6F-9950EC1FA8FD}.Release|Any CPU.Build.0 = Release|Any CPU
		{188EB030-467D-4376-BAB7-DDC69656A45F}.Debug|Any CPU.ActiveCfg = Debug
		{188EB030-467D-4376-BAB7-DDC69656A45F}.Release|Any CPU.ActiveCfg = Release
	EndGlobalSection
	GlobalSection(SolutionProperties) = preSolution
		HideSolutionNode = FALSE
	EndGlobalSection
	GlobalSection(ExtensibilityGlobals) = postSolution
		SolutionGuid = {AD4D2821-71D9-4590-8BDB-0105F69666B9}
	EndGlobalSection
EndGlobal
